
Microsoft Visual Studio Solution File, Format Version 12.00
# Visual Studio 15
VisualStudioVersion = 15.0.28307.852
MinimumVisualStudioVersion = 10.0.40219.1
Project("{FAE04EC0-301F-11D3-BF4B-00C04F79EFBC}") = "ConsoleApp", "ConsoleApp\ConsoleApp.csproj", "{73ED461E-EF1B-468C-A723-12AB2975E693}"
EndProject
Project("{2150E333-8FDC-42A3-9474-1A3956D46DE8}") = "Solution Items", "Solution Items", "{F6C35712-95AF-482D-B483-C292E0A2A14C}"
	ProjectSection(SolutionItems) = preProject
		README.md = README.md
	EndProjectSection
EndProject
Global
	GlobalSection(SolutionConfigurationPlatforms) = preSolution
		Debug|Any CPU = Debug|Any CPU
		Release|Any CPU = Release|Any CPU
	EndGlobalSection
	GlobalSection(ProjectConfigurationPlatforms) = postSolution
		{73ED461E-EF1B-468C-A723-12AB2975E693}.Debug|Any CPU.ActiveCfg = Debug|Any CPU
		{73ED461E-EF1B-468C-A723-12AB2975E693}.Debug|Any CPU.Build.0 = Debug|Any CPU
		{73ED461E-EF1B-468C-A723-12AB2975E693}.Release|Any CPU.ActiveCfg = Release|Any CPU
		{73ED461E-EF1B-468C-A723-12AB2975E693}.Release|Any CPU.Build.0 = Release|Any CPU
	EndGlobalSection
	GlobalSection(SolutionProperties) = preSolution
		HideSolutionNode = FALSE
	EndGlobalSection
	GlobalSection(ExtensibilityGlobals) = postSolution
		SolutionGuid = {5A52387E-AF7A-4175-AF91-3362C45EADF5}
	EndGlobalSection
EndGlobal
